
Microsoft Visual Studio Solution File, Format Version 12.00
# Visual Studio Version 16
VisualStudioVersion = 16.0.29613.14
MinimumVisualStudioVersion = 10.0.40219.1
Project("{9A19103F-16F7-4668-BE54-9A1E7A4F7556}") = "Faker.netstandard21", "src\Faker.netstandard21\Faker.netstandard21.csproj", "{A6065C63-759F-469F-93D7-429F5EF31400}"
EndProject
Global
	GlobalSection(SolutionConfigurationPlatforms) = preSolution
		Debug|Any CPU = Debug|Any CPU
		Release|Any CPU = Release|Any CPU
	EndGlobalSection
	GlobalSection(ProjectConfigurationPlatforms) = postSolution
		{A6065C63-759F-469F-93D7-429F5EF31400}.Debug|Any CPU.ActiveCfg = Debug|Any CPU
		{A6065C63-759F-469F-93D7-429F5EF31400}.Debug|Any CPU.Build.0 = Debug|Any CPU
		{A6065C63-759F-469F-93D7-429F5EF31400}.Release|Any CPU.ActiveCfg = Release|Any CPU
		{A6065C63-759F-469F-93D7-429F5EF31400}.Release|Any CPU.Build.0 = Release|Any CPU
	EndGlobalSection
	GlobalSection(SolutionProperties) = preSolution
		HideSolutionNode = FALSE
	EndGlobalSection
	GlobalSection(ExtensibilityGlobals) = postSolution
		SolutionGuid = {38E5162D-32CB-40FE-BFFF-9F54D644D02A}
	EndGlobalSection
EndGlobal
